# DO NOT EDIT MANUALLY - Managed by Fern Replay
version: "1.0"
generations:
  - commit_sha: 677e97edc210ae7352691433588e7c5c51130e3c
    tree_hash: 811e422fb2621b0414257f02d722dd3bb8d76fdb
    timestamp: 2026-09-19T03:19:08.752Z
    cli_version: unknown
    generator_versions: {}
  - commit_sha: 4b00fcbb772dc5119a02a6c8769b0f7a0713a693
    tree_hash: 88eaaff84f6720d7cc86312e2bc33e433d0a4dde
    timestamp: 2026-09-19T03:19:09.666Z
    cli_version: unknown
    generator_versions:
      fernapi/fern-ruby-sdk: 1.12.1
  - commit_sha: 6f66032f2e682d89899434774326139fef3acb19
    tree_hash: 5afc3a3c5c25c572c49277e89f5e07d93ea0fcaf
    timestamp: 2026-09-20T18:01:58.762Z
    cli_version: unknown
    generator_versions:
      fernapi/fern-ruby-sdk: 1.12.1
current_generation: 6f66032f2e682d89899434774326139fef3acb19
patches: []
